
Microsoft Visual Studio Solution File, Format Version 12.00
# Visual Studio Version 17
VisualStudioVersion = 17.4.33110.190
MinimumVisualStudioVersion = 10.0.40219.1
Project("{FAE04EC0-301F-11D3-BF4B-00C04F79EFBC}") = "bam.data.schema", "bam.data.schema\bam.data.schema.csproj", "{B3044872-0D08-4655-A0AF-6E5A38E51443}"
EndProject
Global
	GlobalSection(SolutionConfigurationPlatforms) = preSolution
		Debug|Any CPU = Debug|Any CPU
		Release|Any CPU = Release|Any CPU
	EndGlobalSection
	GlobalSection(ProjectConfigurationPlatforms) = postSolution
		{B3044872-0D08-4655-A0AF-6E5A38E51443}.Debug|Any CPU.ActiveCfg = Debug|Any CPU
		{B3044872-0D08-4655-A0AF-6E5A38E51443}.Debug|Any CPU.Build.0 = Debug|Any CPU
		{B3044872-0D08-4655-A0AF-6E5A38E51443}.Release|Any CPU.ActiveCfg = Release|Any CPU
		{B3044872-0D08-4655-A0AF-6E5A38E51443}.Release|Any CPU.Build.0 = Release|Any CPU
	EndGlobalSection
	GlobalSection(SolutionProperties) = preSolution
		HideSolutionNode = FALSE
	EndGlobalSection
	GlobalSection(ExtensibilityGlobals) = postSolution
		SolutionGuid = {91828318-F1C9-4B55-9DF6-B850DAFBFE5B}
	EndGlobalSection
EndGlobal
